
Microsoft Visual Studio Solution File, Format Version 12.00
# Visual Studio Version 17
VisualStudioVersion = 17.0.31903.59
MinimumVisualStudioVersion = 10.0.40219.1
Project("{2150E333-8FDC-42A3-9474-1A3956D46DE8}") = "src", "src", "{2BC01492-AC0D-45E8-831C-3D47FD853532}"
EndProject
Project("{2150E333-8FDC-42A3-9474-1A3956D46DE8}") = "Shared", "Shared", "{B7BFEB8C-F0B4-43CD-83A7-754F9A0F00DE}"
EndProject
Project("{FAE04EC0-301F-11D3-BF4B-00C04F79EFBC}") = "RhSensoERP.Shared.Core", "src\Shared\Core\RhSensoERP.Shared.Core.csproj", "{75213C3F-6261-4890-8A3B-C4AA7DA6F4A3}"
EndProject
Project("{FAE04EC0-301F-11D3-BF4B-00C04F79EFBC}") = "RhSensoERP.Shared.Application", "src\Shared\Application\RhSensoERP.Shared.Application.csproj", "{BD3F1505-8C94-4926-9F88-B0B76F12F0D2}"
EndProject
Project("{FAE04EC0-301F-11D3-BF4B-00C04F79EFBC}") = "RhSensoERP.Shared.Infrastructure", "src\Shared\Infrastructure\RhSensoERP.Shared.Infrastructure.csproj", "{0AD80197-F6DA-45CD-B112-86D1FAD25C5B}"
EndProject
Project("{FAE04EC0-301F-11D3-BF4B-00C04F79EFBC}") = "RhSensoERP.Shared.Contracts", "src\Shared\Contracts\RhSensoERP.Shared.Contracts.csproj", "{43D60451-0D11-429F-A4A9-8F529E4230BD}"
EndProject
Project("{2150E333-8FDC-42A3-9474-1A3956D46DE8}") = "Modules", "Modules", "{6286E979-67F7-40B5-9083-EDB29E17EB14}"
EndProject
Project("{FAE04EC0-301F-11D3-BF4B-00C04F79EFBC}") = "RhSensoERP.Modules.GestaoDePessoas", "src\Modules\GestaoDePessoas\RhSensoERP.Modules.GestaoDePessoas.csproj", "{D1252D76-61AD-45CD-A91D-288808B8189B}"
EndProject
Project("{FAE04EC0-301F-11D3-BF4B-00C04F79EFBC}") = "RhSensoERP.Modules.ControleDePonto", "src\Modules\ControleDePonto\RhSensoERP.Modules.ControleDePonto.csproj", "{71ADC922-3C36-4AB6-952C-BDF4128A85FD}"
EndProject
Project("{FAE04EC0-301F-11D3-BF4B-00C04F79EFBC}") = "RhSensoERP.Modules.Treinamentos", "src\Modules\Treinamentos\RhSensoERP.Modules.Treinamentos.csproj", "{3D9098E5-4FF0-4E24-A7A8-8331CBE764E0}"
EndProject
Project("{FAE04EC0-301F-11D3-BF4B-00C04F79EFBC}") = "RhSensoERP.Modules.SaudeOcupacional", "src\Modules\SaudeOcupacional\RhSensoERP.Modules.SaudeOcupacional.csproj", "{69A34857-C11A-43E7-8244-5960E77B7FB1}"
EndProject
Project("{FAE04EC0-301F-11D3-BF4B-00C04F79EFBC}") = "RhSensoERP.Modules.Avaliacoes", "src\Modules\Avaliacoes\RhSensoERP.Modules.Avaliacoes.csproj", "{66692EBC-A455-4C80-9800-A9AACF43E3A6}"
EndProject
Project("{FAE04EC0-301F-11D3-BF4B-00C04F79EFBC}") = "RhSensoERP.Identity", "src\Identity\RhSensoERP.Identity.csproj", "{D561A620-BF15-465A-B5E0-353552878EAB}"
EndProject
Project("{FAE04EC0-301F-11D3-BF4B-00C04F79EFBC}") = "RhSensoERP.API", "src\API\RhSensoERP.API.csproj", "{ED3C3A3B-1AC9-47A9-BED6-B5F53C466B60}"
EndProject
Project("{FAE04EC0-301F-11D3-BF4B-00C04F79EFBC}") = "RhSensoERP.Web", "src\Web\RhSensoERP.Web.csproj", "{46F7FBA2-1D08-48DE-9748-DCB682A33672}"
EndProject
Project("{2150E333-8FDC-42A3-9474-1A3956D46DE8}") = "tests", "tests", "{E22A7C6E-3B3B-4B58-94B7-29E6AF5D5C19}"
EndProject
Project("{FAE04EC0-301F-11D3-BF4B-00C04F79EFBC}") = "RhSensoERP.UnitTests", "tests\Unit\RhSensoERP.UnitTests.csproj", "{4EFD879D-9C16-487D-A052-AF4C7D6DF415}"
EndProject
Project("{FAE04EC0-301F-11D3-BF4B-00C04F79EFBC}") = "RhSensoERP.IntegrationTests", "tests\Integration\RhSensoERP.IntegrationTests.csproj", "{52E0A3AB-8AD8-4B90-A592-D21E1E18A1E2}"
EndProject
Project("{FAE04EC0-301F-11D3-BF4B-00C04F79EFBC}") = "RhSensoERP.ArchitectureTests", "tests\Architecture\RhSensoERP.ArchitectureTests.csproj", "{25C3E3B1-D3DB-40DD-BC4D-B79FEA97FB4F}"
EndProject
Project("{FAE04EC0-301F-11D3-BF4B-00C04F79EFBC}") = "RhSensoERP.E2ETests", "tests\E2E\RhSensoERP.E2ETests.csproj", "{352FBA30-D83C-40E3-8061-A1966F1CE5A8}"
EndProject
Project("{FAE04EC0-301F-11D3-BF4B-00C04F79EFBC}") = "RhSensoERP.Modules.Esocial", "src\Modules\Esocial\RhSensoERP.Modules.Esocial.csproj", "{E45409CF-D10C-319A-F790-BF37F4AA76BC}"
EndProject
Project("{FAE04EC0-301F-11D3-BF4B-00C04F79EFBC}") = "RhSensoERP.Generators", "src\Generators\RhSensoERP.Generators.csproj", "{4D5ECF6B-548A-406A-B5AE-2D32A0DED883}"
EndProject
Global
	GlobalSection(SolutionConfigurationPlatforms) = preSolution
		Debug|Any CPU = Debug|Any CPU
		Release|Any CPU = Release|Any CPU
	EndGlobalSection
	GlobalSection(ProjectConfigurationPlatforms) = postSolution
		{75213C3F-6261-4890-8A3B-C4AA7DA6F4A3}.Debug|Any CPU.ActiveCfg = Debug|Any CPU
		{75213C3F-6261-4890-8A3B-C4AA7DA6F4A3}.Debug|Any CPU.Build.0 = Debug|Any CPU
		{75213C3F-6261-4890-8A3B-C4AA7DA6F4A3}.Release|Any CPU.ActiveCfg = Release|Any CPU
		{75213C3F-6261-4890-8A3B-C4AA7DA6F4A3}.Release|Any CPU.Build.0 = Release|Any CPU
		{BD3F1505-8C94-4926-9F88-B0B76F12F0D2}.Debug|Any CPU.ActiveCfg = Debug|Any CPU
		{BD3F1505-8C94-4926-9F88-B0B76F12F0D2}.Debug|Any CPU.Build.0 = Debug|Any CPU
		{BD3F1505-8C94-4926-9F88-B0B76F12F0D2}.Release|Any CPU.ActiveCfg = Release|Any CPU
		{BD3F1505-8C94-4926-9F88-B0B76F12F0D2}.Release|Any CPU.Build.0 = Release|Any CPU
		{0AD80197-F6DA-45CD-B112-86D1FAD25C5B}.Debug|Any CPU.ActiveCfg = Debug|Any CPU
		{0AD80197-F6DA-45CD-B112-86D1FAD25C5B}.Debug|Any CPU.Build.0 = Debug|Any CPU
		{0AD80197-F6DA-45CD-B112-86D1FAD25C5B}.Release|Any CPU.ActiveCfg = Release|Any CPU
		{0AD80197-F6DA-45CD-B112-86D1FAD25C5B}.Release|Any CPU.Build.0 = Release|Any CPU
		{43D60451-0D11-429F-A4A9-8F529E4230BD}.Debug|Any CPU.ActiveCfg = Debug|Any CPU
		{43D60451-0D11-429F-A4A9-8F529E4230BD}.Debug|Any CPU.Build.0 = Debug|Any CPU
		{43D60451-0D11-429F-A4A9-8F529E4230BD}.Release|Any CPU.ActiveCfg = Release|Any CPU
		{43D60451-0D11-429F-A4A9-8F529E4230BD}.Release|Any CPU.Build.0 = Release|Any CPU
		{D1252D76-61AD-45CD-A91D-288808B8189B}.Debug|Any CPU.ActiveCfg = Debug|Any CPU
		{D1252D76-61AD-45CD-A91D-288808B8189B}.Debug|Any CPU.Build.0 = Debug|Any CPU
		{D1252D76-61AD-45CD-A91D-288808B8189B}.Release|Any CPU.ActiveCfg = Release|Any CPU
		{D1252D76-61AD-45CD-A91D-288808B8189B}.Release|Any CPU.Build.0 = Release|Any CPU
		{71ADC922-3C36-4AB6-952C-BDF4128A85FD}.Debug|Any CPU.ActiveCfg = Debug|Any CPU
		{71ADC922-3C36-4AB6-952C-BDF4128A85FD}.Debug|Any CPU.Build.0 = Debug|Any CPU
		{71ADC922-3C36-4AB6-952C-BDF4128A85FD}.Release|Any CPU.ActiveCfg = Release|Any CPU
		{71ADC922-3C36-4AB6-952C-BDF4128A85FD}.Release|Any CPU.Build.0 = Release|Any CPU
		{3D9098E5-4FF0-4E24-A7A8-8331CBE764E0}.Debug|Any CPU.ActiveCfg = Debug|Any CPU
		{3D9098E5-4FF0-4E24-A7A8-8331CBE764E0}.Debug|Any CPU.Build.0 = Debug|Any CPU
		{3D9098E5-4FF0-4E24-A7A8-8331CBE764E0}.Release|Any CPU.ActiveCfg = Release|Any CPU
		{3D9098E5-4FF0-4E24-A7A8-8331CBE764E0}.Release|Any CPU.Build.0 = Release|Any CPU
		{69A34857-C11A-43E7-8244-5960E77B7FB1}.Debug|Any CPU.ActiveCfg = Debug|Any CPU
		{69A34857-C11A-43E7-8244-5960E77B7FB1}.Debug|Any CPU.Build.0 = Debug|Any CPU
		{69A34857-C11A-43E7-8244-5960E77B7FB1}.Release|Any CPU.ActiveCfg = Release|Any CPU
		{69A34857-C11A-43E7-8244-5960E77B7FB1}.Release|Any CPU.Build.0 = Release|Any CPU
		{66692EBC-A455-4C80-9800-A9AACF43E3A6}.Debug|Any CPU.ActiveCfg = Debug|Any CPU
		{66692EBC-A455-4C80-9800-A9AACF43E3A6}.Debug|Any CPU.Build.0 = Debug|Any CPU
		{66692EBC-A455-4C80-9800-A9AACF43E3A6}.Release|Any CPU.ActiveCfg = Release|Any CPU
		{66692EBC-A455-4C80-9800-A9AACF43E3A6}.Release|Any CPU.Build.0 = Release|Any CPU
		{D561A620-BF15-465A-B5E0-353552878EAB}.Debug|Any CPU.ActiveCfg = Debug|Any CPU
		{D561A620-BF15-465A-B5E0-353552878EAB}.Debug|Any CPU.Build.0 = Debug|Any CPU
		{D561A620-BF15-465A-B5E0-353552878EAB}.Release|Any CPU.ActiveCfg = Release|Any CPU
		{D561A620-BF15-465A-B5E0-353552878EAB}.Release|Any CPU.Build.0 = Release|Any CPU
		{ED3C3A3B-1AC9-47A9-BED6-B5F53C466B60}.Debug|Any CPU.ActiveCfg = Debug|Any CPU
		{ED3C3A3B-1AC9-47A9-BED6-B5F53C466B60}.Debug|Any CPU.Build.0 = Debug|Any CPU
		{ED3C3A3B-1AC9-47A9-BED6-B5F53C466B60}.Release|Any CPU.ActiveCfg = Release|Any CPU
		{ED3C3A3B-1AC9-47A9-BED6-B5F53C466B60}.Release|Any CPU.Build.0 = Release|Any CPU
		{46F7FBA2-1D08-48DE-9748-DCB682A33672}.Debug|Any CPU.ActiveCfg = Debug|Any CPU
		{46F7FBA2-1D08-48DE-9748-DCB682A33672}.Debug|Any CPU.Build.0 = Debug|Any CPU
		{46F7FBA2-1D08-48DE-9748-DCB682A33672}.Release|Any CPU.ActiveCfg = Release|Any CPU
		{46F7FBA2-1D08-48DE-9748-DCB682A33672}.Release|Any CPU.Build.0 = Release|Any CPU
		{4EFD879D-9C16-487D-A052-AF4C7D6DF415}.Debug|Any CPU.ActiveCfg = Debug|Any CPU
		{4EFD879D-9C16-487D-A052-AF4C7D6DF415}.Debug|Any CPU.Build.0 = Debug|Any CPU
		{4EFD879D-9C16-487D-A052-AF4C7D6DF415}.Release|Any CPU.ActiveCfg = Release|Any CPU
		{4EFD879D-9C16-487D-A052-AF4C7D6DF415}.Release|Any CPU.Build.0 = Release|Any CPU
		{52E0A3AB-8AD8-4B90-A592-D21E1E18A1E2}.Debug|Any CPU.ActiveCfg = Debug|Any CPU
		{52E0A3AB-8AD8-4B90-A592-D21E1E18A1E2}.Debug|Any CPU.Build.0 = Debug|Any CPU
		{52E0A3AB-8AD8-4B90-A592-D21E1E18A1E2}.Release|Any CPU.ActiveCfg = Release|Any CPU
		{52E0A3AB-8AD8-4B90-A592-D21E1E18A1E2}.Release|Any CPU.Build.0 = Release|Any CPU
		{25C3E3B1-D3DB-40DD-BC4D-B79FEA97FB4F}.Debug|Any CPU.ActiveCfg = Debug|Any CPU
		{25C3E3B1-D3DB-40DD-BC4D-B79FEA97FB4F}.Debug|Any CPU.Build.0 = Debug|Any CPU
		{25C3E3B1-D3DB-40DD-BC4D-B79FEA97FB4F}.Release|Any CPU.ActiveCfg = Release|Any CPU
		{25C3E3B1-D3DB-40DD-BC4D-B79FEA97FB4F}.Release|Any CPU.Build.0 = Release|Any CPU
		{352FBA30-D83C-40E3-8061-A1966F1CE5A8}.Debug|Any CPU.ActiveCfg = Debug|Any CPU
		{352FBA30-D83C-40E3-8061-A1966F1CE5A8}.Debug|Any CPU.Build.0 = Debug|Any CPU
		{352FBA30-D83C-40E3-8061-A1966F1CE5A8}.Release|Any CPU.ActiveCfg = Release|Any CPU
		{352FBA30-D83C-40E3-8061-A1966F1CE5A8}.Release|Any CPU.Build.0 = Release|Any CPU
		{E45409CF-D10C-319A-F790-BF37F4AA76BC}.Debug|Any CPU.ActiveCfg = Debug|Any CPU
		{E45409CF-D10C-319A-F790-BF37F4AA76BC}.Debug|Any CPU.Build.0 = Debug|Any CPU
		{E45409CF-D10C-319A-F790-BF37F4AA76BC}.Release|Any CPU.ActiveCfg = Release|Any CPU
		{E45409CF-D10C-319A-F790-BF37F4AA76BC}.Release|Any CPU.Build.0 = Release|Any CPU
		{4D5ECF6B-548A-406A-B5AE-2D32A0DED883}.Debug|Any CPU.ActiveCfg = Debug|Any CPU
		{4D5ECF6B-548A-406A-B5AE-2D32A0DED883}.Debug|Any CPU.Build.0 = Debug|Any CPU
		{4D5ECF6B-548A-406A-B5AE-2D32A0DED883}.Release|Any CPU.ActiveCfg = Release|Any CPU
		{4D5ECF6B-548A-406A-B5AE-2D32A0DED883}.Release|Any CPU.Build.0 = Release|Any CPU
	EndGlobalSection
	GlobalSection(SolutionProperties) = preSolution
		HideSolutionNode = FALSE
	EndGlobalSection
	GlobalSection(NestedProjects) = preSolution
		{B7BFEB8C-F0B4-43CD-83A7-754F9A0F00DE} = {2BC01492-AC0D-45E8-831C-3D47FD853532}
		{75213C3F-6261-4890-8A3B-C4AA7DA6F4A3} = {B7BFEB8C-F0B4-43CD-83A7-754F9A0F00DE}
		{BD3F1505-8C94-4926-9F88-B0B76F12F0D2} = {B7BFEB8C-F0B4-43CD-83A7-754F9A0F00DE}
		{0AD80197-F6DA-45CD-B112-86D1FAD25C5B} = {B7BFEB8C-F0B4-43CD-83A7-754F9A0F00DE}
		{43D60451-0D11-429F-A4A9-8F529E4230BD} = {B7BFEB8C-F0B4-43CD-83A7-754F9A0F00DE}
		{6286E979-67F7-40B5-9083-EDB29E17EB14} = {2BC01492-AC0D-45E8-831C-3D47FD853532}
		{D1252D76-61AD-45CD-A91D-288808B8189B} = {6286E979-67F7-40B5-9083-EDB29E17EB14}
		{71ADC922-3C36-4AB6-952C-BDF4128A85FD} = {6286E979-67F7-40B5-9083-EDB29E17EB14}
		{3D9098E5-4FF0-4E24-A7A8-8331CBE764E0} = {6286E979-67F7-40B5-9083-EDB29E17EB14}
		{69A34857-C11A-43E7-8244-5960E77B7FB1} = {6286E979-67F7-40B5-9083-EDB29E17EB14}
		{66692EBC-A455-4C80-9800-A9AACF43E3A6} = {6286E979-67F7-40B5-9083-EDB29E17EB14}
		{D561A620-BF15-465A-B5E0-353552878EAB} = {2BC01492-AC0D-45E8-831C-3D47FD853532}
		{ED3C3A3B-1AC9-47A9-BED6-B5F53C466B60} = {2BC01492-AC0D-45E8-831C-3D47FD853532}
		{46F7FBA2-1D08-48DE-9748-DCB682A33672} = {2BC01492-AC0D-45E8-831C-3D47FD853532}
		{4EFD879D-9C16-487D-A052-AF4C7D6DF415} = {E22A7C6E-3B3B-4B58-94B7-29E6AF5D5C19}
		{52E0A3AB-8AD8-4B90-A592-D21E1E18A1E2} = {E22A7C6E-3B3B-4B58-94B7-29E6AF5D5C19}
		{25C3E3B1-D3DB-40DD-BC4D-B79FEA97FB4F} = {E22A7C6E-3B3B-4B58-94B7-29E6AF5D5C19}
		{352FBA30-D83C-40E3-8061-A1966F1CE5A8} = {E22A7C6E-3B3B-4B58-94B7-29E6AF5D5C19}
		{E45409CF-D10C-319A-F790-BF37F4AA76BC} = {6286E979-67F7-40B5-9083-EDB29E17EB14}
		{4D5ECF6B-548A-406A-B5AE-2D32A0DED883} = {2BC01492-AC0D-45E8-831C-3D47FD853532}
	EndGlobalSection
EndGlobal
